
Microsoft Visual Studio Solution File, Format Version 12.00
# Visual Studio 15
VisualStudioVersion = 15.0.28307.572
MinimumVisualStudioVersion = 10.0.40219.1
Project("{888888A0-9F3D-457C-B088-3A5042F75D52}") = "python code", "python code.pyproj", "{80546F2B-7FD8-4B75-9303-97A52DBE3B7C}"
EndProject
Global
	GlobalSection(SolutionConfigurationPlatforms) = preSolution
		Debug|Any CPU = Debug|Any CPU
		Release|Any CPU = Release|Any CPU
	EndGlobalSection
	GlobalSection(ProjectConfigurationPlatforms) = postSolution
		{80546F2B-7FD8-4B75-9303-97A52DBE3B7C}.Debug|Any CPU.ActiveCfg = Debug|Any CPU
		{80546F2B-7FD8-4B75-9303-97A52DBE3B7C}.Release|Any CPU.ActiveCfg = Release|Any CPU
	EndGlobalSection
	GlobalSection(SolutionProperties) = preSolution
		HideSolutionNode = FALSE
	EndGlobalSection
	GlobalSection(ExtensibilityGlobals) = postSolution
		SolutionGuid = {EF36E1D0-924C-4C79-A453-0B0640D1F6EE}
	EndGlobalSection
EndGlobal
